github.com/joho/godotenv v1.4.0 h1:3l4+N6zfMWnkbPEXKng2o2/MR5mSwTrBih4ZEkkz1lg=
github.com/joho/godotenv v1.4.0/go.mod h1:f4LDr5Voq0i2e/R5DDNOoa2zzDfwtkZa6DnEwAbqwq4=
github.com/mackerelio/go-mackerel-plugin v0.1.2 h1:bbxd2aBCYfrxOdBnvTUyyx8ckeVW2hhb41ewhXJheDA=
github.com/mackerelio/go-mackerel-plugin v0.1.2/go.mod h1:NnKukHcC4C8yTElL+4vdEjTA1zFA42hLCn1s2K+2UNU=
github.com/mackerelio/go-osstat v0.2.0 h1:UVn9Am/OOj2Ig0LNNHLqiHeXsZWmMNcMPZ3h+z/8+h8=
github.com/mackerelio/go-osstat v0.2.0/go.mod h1:UzRL8dMCCTqG5WdRtsxbuljMpZt9PCAGXqxPst5QtaY=
github.com/mackerelio/golib v1.2.0 h1:BIAdOhyTnp0EySGM69J8a7OQU3blQxms3VR9+ZIXay4=
github.com/mackerelio/golib v1.2.0/go.mod h1:jSdKpwSkTVLi0wyk3YZ6enh6H19p02wUE8ShAFxaAPQ=
golang.org/x/sys v0.0.0-20210113181707-4bcb84eeeb78 h1:nVuTkr9L6Bq62qpUqKo/RnZCFfzDBL0bYo6w9OJUqZY=
golang.org/x/sys v0.0.0-20210113181707-4bcb84eeeb78/go.mod h1:h1NjWce9XRLGQEsW7wpKNCjG9DtNlClVuFLEZdDNbEs=
